// !$*UTF8*$!
{
	archiveVersion = 1;
	classes = {
	};
	objectVersion = 51;
	objects = {

/* Begin PBXBuildFile section */
		287C853273F5888EE8894DDB /* Pods_instagramTests.framework in Frameworks */ = {isa = PBXBuildFile; fileRef = FCECB0908856DAEC45731486 /* Pods_instagramTests.framework */; };
		386263B422D3F84500CBB2D6 /* AppDelegate.m in Sources */ = {isa = PBXBuildFile; fileRef = 386263B322D3F84500CBB2D6 /* AppDelegate.m */; };
		386263BA22D3F84500CBB2D6 /* Main.storyboard in Resources */ = {isa = PBXBuildFile; fileRef = 386263B822D3F84500CBB2D6 /* Main.storyboard */; };
		386263BC22D3F84600CBB2D6 /* Assets.xcassets in Resources */ = {isa = PBXBuildFile; fileRef = 386263BB22D3F84600CBB2D6 /* Assets.xcassets */; };
		386263BF22D3F84600CBB2D6 /* LaunchScreen.storyboard in Resources */ = {isa = PBXBuildFile; fileRef = 386263BD22D3F84600CBB2D6 /* LaunchScreen.storyboard */; };
		386263C222D3F84600CBB2D6 /* main.m in Sources */ = {isa = PBXBuildFile; fileRef = 386263C122D3F84600CBB2D6 /* main.m */; };
		386263CC22D3F84600CBB2D6 /* instagramTests.m in Sources */ = {isa = PBXBuildFile; fileRef = 386263CB22D3F84600CBB2D6 /* instagramTests.m */; };
		386263D722D3F84600CBB2D6 /* instagramUITests.m in Sources */ = {isa = PBXBuildFile; fileRef = 386263D622D3F84600CBB2D6 /* instagramUITests.m */; };
		386263EC22D409C900CBB2D6 /* signupViewController.m in Sources */ = {isa = PBXBuildFile; fileRef = 386263EB22D409C900CBB2D6 /* signupViewController.m */; };
		386263EF22D40BD600CBB2D6 /* LoginViewController.m in Sources */ = {isa = PBXBuildFile; fileRef = 386263EE22D40BD600CBB2D6 /* LoginViewController.m */; };
		386263F222D410A700CBB2D6 /* timelineViewController.m in Sources */ = {isa = PBXBuildFile; fileRef = 386263F122D410A700CBB2D6 /* timelineViewController.m */; };
		386263F822D5294F00CBB2D6 /* ImagePickerViewController.m in Sources */ = {isa = PBXBuildFile; fileRef = 386263F722D5294F00CBB2D6 /* ImagePickerViewController.m */; };
		386263FB22D542DF00CBB2D6 /* Post.m in Sources */ = {isa = PBXBuildFile; fileRef = 386263FA22D542DF00CBB2D6 /* Post.m */; };
		44F348DCCEE96A9241011375 /* Pods_instagram.framework in Frameworks */ = {isa = PBXBuildFile; fileRef = 9150620202DF42619726F364 /* Pods_instagram.framework */; };
		CFB936E2415B4C0996241BC4 /* Pods_instagramUITests.framework in Frameworks */ = {isa = PBXBuildFile; fileRef = 02F934713BA0EEA9940D454A /* Pods_instagramUITests.framework */; };
/* End PBXBuildFile section */

/* Begin PBXContainerItemProxy section */
		386263C822D3F84600CBB2D6 /* PBXContainerItemProxy */ = {
			isa = PBXContainerItemProxy;
			containerPortal = 386263A722D3F84500CBB2D6 /* Project object */;
			proxyType = 1;
			remoteGlobalIDString = 386263AE22D3F84500CBB2D6;
			remoteInfo = instagram;
		};
		386263D322D3F84600CBB2D6 /* PBXContainerItemProxy */ = {
			isa = PBXContainerItemProxy;
			containerPortal = 386263A722D3F84500CBB2D6 /* Project object */;
			proxyType = 1;
			remoteGlobalIDString = 386263AE22D3F84500CBB2D6;
			remoteInfo = instagram;
		};
/* End PBXContainerItemProxy section */

/* Begin PBXFileReference section */
		02F934713BA0EEA9940D454A /* Pods_instagramUITests.framework */ = {isa = PBXFileReference; explicitFileType = wrapper.framework; includeInIndex = 0; path = Pods_instagramUITests.framework; sourceTree = BUILT_PRODUCTS_DIR; };
		24C6FA56BF13CB8F0DFE82DB /* Pods-instagramTests.debug.xcconfig */ = {isa = PBXFileReference; includeInIndex = 1; lastKnownFileType = text.xcconfig; name = "Pods-instagramTests.debug.xcconfig"; path = "Target Support Files/Pods-instagramTests/Pods-instagramTests.debug.xcconfig"; sourceTree = "<group>"; };
		2AD3721FDFAEEFC387E3BBD2 /* Pods-instagram.debug.xcconfig */ = {isa = PBXFileReference; includeInIndex = 1; lastKnownFileType = text.xcconfig; name = "Pods-instagram.debug.xcconfig"; path = "Target Support Files/Pods-instagram/Pods-instagram.debug.xcconfig"; sourceTree = "<group>"; };
		386263AF22D3F84500CBB2D6 /* instagram.app */ = {isa = PBXFileReference; explicitFileType = wrapper.application; includeInIndex = 0; path = instagram.app; sourceTree = BUILT_PRODUCTS_DIR; };
		386263B222D3F84500CBB2D6 /* AppDelegate.h */ = {isa = PBXFileReference; lastKnownFileType = sourcecode.c.h; path = AppDelegate.h; sourceTree = "<group>"; };
		386263B322D3F84500CBB2D6 /* AppDelegate.m */ = {isa = PBXFileReference; lastKnownFileType = sourcecode.c.objc; path = AppDelegate.m; sourceTree = "<group>"; };
		386263B922D3F84500CBB2D6 /* Base */ = {isa = PBXFileReference; lastKnownFileType = file.storyboard; name = Base; path = Base.lproj/Main.storyboard; sourceTree = "<group>"; };
		386263BB22D3F84600CBB2D6 /* Assets.xcassets */ = {isa = PBXFileReference; lastKnownFileType = folder.assetcatalog; path = Assets.xcassets; sourceTree = "<group>"; };
		386263BE22D3F84600CBB2D6 /* Base */ = {isa = PBXFileReference; lastKnownFileType = file.storyboard; name = Base; path = Base.lproj/LaunchScreen.storyboard; sourceTree = "<group>"; };
		386263C022D3F84600CBB2D6 /* Info.plist */ = {isa = PBXFileReference; lastKnownFileType = text.plist.xml; path = Info.plist; sourceTree = "<group>"; };
		386263C122D3F84600CBB2D6 /* main.m */ = {isa = PBXFileReference; lastKnownFileType = sourcecode.c.objc; path = main.m; sourceTree = "<group>"; };
		386263C722D3F84600CBB2D6 /* instagramTests.xctest */ = {isa = PBXFileReference; explicitFileType = wrapper.cfbundle; includeInIndex = 0; path = instagramTests.xctest; sourceTree = BUILT_PRODUCTS_DIR; };
		386263CB22D3F84600CBB2D6 /* instagramTests.m */ = {isa = PBXFileReference; lastKnownFileType = sourcecode.c.objc; path = instagramTests.m; sourceTree = "<group>"; };
		386263CD22D3F84600CBB2D6 /* Info.plist */ = {isa = PBXFileReference; lastKnownFileType = text.plist.xml; path = Info.plist; sourceTree = "<group>"; };
		386263D222D3F84600CBB2D6 /* instagramUITests.xctest */ = {isa = PBXFileReference; explicitFileType = wrapper.cfbundle; includeInIndex = 0; path = instagramUITests.xctest; sourceTree = BUILT_PRODUCTS_DIR; };
		386263D622D3F84600CBB2D6 /* instagramUITests.m */ = {isa = PBXFileReference; lastKnownFileType = sourcecode.c.objc; path = instagramUITests.m; sourceTree = "<group>"; };
		386263D822D3F84600CBB2D6 /* Info.plist */ = {isa = PBXFileReference; lastKnownFileType = text.plist.xml; path = Info.plist; sourceTree = "<group>"; };
		386263EA22D409C900CBB2D6 /* signupViewController.h */ = {isa = PBXFileReference; lastKnownFileType = sourcecode.c.h; path = signupViewController.h; sourceTree = "<group>"; };
		386263EB22D409C900CBB2D6 /* signupViewController.m */ = {isa = PBXFileReference; lastKnownFileType = sourcecode.c.objc; path = signupViewController.m; sourceTree = "<group>"; };
		386263ED22D40BD600CBB2D6 /* LoginViewController.h */ = {isa = PBXFileReference; lastKnownFileType = sourcecode.c.h; path = LoginViewController.h; sourceTree = "<group>"; };
		386263EE22D40BD600CBB2D6 /* LoginViewController.m */ = {isa = PBXFileReference; lastKnownFileType = sourcecode.c.objc; path = LoginViewController.m; sourceTree = "<group>"; };
		386263F022D410A700CBB2D6 /* timelineViewController.h */ = {isa = PBXFileReference; lastKnownFileType = sourcecode.c.h; path = timelineViewController.h; sourceTree = "<group>"; };
		386263F122D410A700CBB2D6 /* timelineViewController.m */ = {isa = PBXFileReference; lastKnownFileType = sourcecode.c.objc; path = timelineViewController.m; sourceTree = "<group>"; };
		386263F622D5294F00CBB2D6 /* ImagePickerViewController.h */ = {isa = PBXFileReference; lastKnownFileType = sourcecode.c.h; path = ImagePickerViewController.h; sourceTree = "<group>"; };
		386263F722D5294F00CBB2D6 /* ImagePickerViewController.m */ = {isa = PBXFileReference; lastKnownFileType = sourcecode.c.objc; path = ImagePickerViewController.m; sourceTree = "<group>"; };
		386263F922D542DF00CBB2D6 /* Post.h */ = {isa = PBXFileReference; lastKnownFileType = sourcecode.c.h; path = Post.h; sourceTree = "<group>"; };
		386263FA22D542DF00CBB2D6 /* Post.m */ = {isa = PBXFileReference; lastKnownFileType = sourcecode.c.objc; path = Post.m; sourceTree = "<group>"; };
		39482CBC15C6E3B670D7FB35 /* Pods-instagram.release.xcconfig */ = {isa = PBXFileReference; includeInIndex = 1; lastKnownFileType = text.xcconfig; name = "Pods-instagram.release.xcconfig"; path = "Target Support Files/Pods-instagram/Pods-instagram.release.xcconfig"; sourceTree = "<group>"; };
		9150620202DF42619726F364 /* Pods_instagram.framework */ = {isa = PBXFileReference; explicitFileType = wrapper.framework; includeInIndex = 0; path = Pods_instagram.framework; sourceTree = BUILT_PRODUCTS_DIR; };
		BAB892827096AEFE6F1C68E9 /* Pods-instagramUITests.debug.xcconfig */ = {isa = PBXFileReference; includeInIndex = 1; lastKnownFileType = text.xcconfig; name = "Pods-instagramUITests.debug.xcconfig"; path = "Target Support Files/Pods-instagramUITests/Pods-instagramUITests.debug.xcconfig"; sourceTree = "<group>"; };
		CD951CE7676DC3CB534BDA8B /* Pods-instagramTests.release.xcconfig */ = {isa = PBXFileReference; includeInIndex = 1; lastKnownFileType = text.xcconfig; name = "Pods-instagramTests.release.xcconfig"; path = "Target Support Files/Pods-instagramTests/Pods-instagramTests.release.xcconfig"; sourceTree = "<group>"; };
		D380EDD4BBCF66D268B2DF9E /* Pods-instagramUITests.release.xcconfig */ = {isa = PBXFileReference; includeInIndex = 1; lastKnownFileType = text.xcconfig; name = "Pods-instagramUITests.release.xcconfig"; path = "Target Support Files/Pods-instagramUITests/Pods-instagramUITests.release.xcconfig"; sourceTree = "<group>"; };
		FCECB0908856DAEC45731486 /* Pods_instagramTests.framework */ = {isa = PBXFileReference; explicitFileType = wrapper.framework; includeInIndex = 0; path = Pods_instagramTests.framework; sourceTree = BUILT_PRODUCTS_DIR; };
/* End PBXFileReference section */

/* Begin PBXFrameworksBuildPhase section */
		386263AC22D3F84500CBB2D6 /* Frameworks */ = {
			isa = PBXFrameworksBuildPhase;
			buildActionMask = 2147483647;
			files = (
				44F348DCCEE96A9241011375 /* Pods_instagram.framework in Frameworks */,
			);
			runOnlyForDeploymentPostprocessing = 0;
		};
		386263C422D3F84600CBB2D6 /* Frameworks */ = {
			isa = PBXFrameworksBuildPhase;
			buildActionMask = 2147483647;
			files = (
				287C853273F5888EE8894DDB /* Pods_instagramTests.framework in Frameworks */,
			);
			runOnlyForDeploymentPostprocessing = 0;
		};
		386263CF22D3F84600CBB2D6 /* Frameworks */ = {
			isa = PBXFrameworksBuildPhase;
			buildActionMask = 2147483647;
			files = (
				CFB936E2415B4C0996241BC4 /* Pods_instagramUITests.framework in Frameworks */,
			);
			runOnlyForDeploymentPostprocessing = 0;
		};
/* End PBXFrameworksBuildPhase section */

/* Begin PBXGroup section */
		2203ED26F2691705FEA43D5E /* Pods */ = {
			isa = PBXGroup;
			children = (
				2AD3721FDFAEEFC387E3BBD2 /* Pods-instagram.debug.xcconfig */,
				39482CBC15C6E3B670D7FB35 /* Pods-instagram.release.xcconfig */,
				24C6FA56BF13CB8F0DFE82DB /* Pods-instagramTests.debug.xcconfig */,
				CD951CE7676DC3CB534BDA8B /* Pods-instagramTests.release.xcconfig */,
				BAB892827096AEFE6F1C68E9 /* Pods-instagramUITests.debug.xcconfig */,
				D380EDD4BBCF66D268B2DF9E /* Pods-instagramUITests.release.xcconfig */,
			);
			path = Pods;
			sourceTree = "<group>";
		};
		2325C0B44EEEBB6EBC7F0094 /* Frameworks */ = {
			isa = PBXGroup;
			children = (
				9150620202DF42619726F364 /* Pods_instagram.framework */,
				FCECB0908856DAEC45731486 /* Pods_instagramTests.framework */,
				02F934713BA0EEA9940D454A /* Pods_instagramUITests.framework */,
			);
			name = Frameworks;
			sourceTree = "<group>";
		};
		386263A622D3F84500CBB2D6 = {
			isa = PBXGroup;
			children = (
				386263B122D3F84500CBB2D6 /* instagram */,
				386263CA22D3F84600CBB2D6 /* instagramTests */,
				386263D522D3F84600CBB2D6 /* instagramUITests */,
				386263B022D3F84500CBB2D6 /* Products */,
				2203ED26F2691705FEA43D5E /* Pods */,
				2325C0B44EEEBB6EBC7F0094 /* Frameworks */,
			);
			sourceTree = "<group>";
		};
		386263B022D3F84500CBB2D6 /* Products */ = {
			isa = PBXGroup;
			children = (
				386263AF22D3F84500CBB2D6 /* instagram.app */,
				386263C722D3F84600CBB2D6 /* instagramTests.xctest */,
				386263D222D3F84600CBB2D6 /* instagramUITests.xctest */,
			);
			name = Products;
			sourceTree = "<group>";
		};
		386263B122D3F84500CBB2D6 /* instagram */ = {
			isa = PBXGroup;
			children = (
				386263E922D4083C00CBB2D6 /* Views */,
				386263E822D4083200CBB2D6 /* Models */,
				386263E722D4080800CBB2D6 /* ViewControllers */,
				386263B222D3F84500CBB2D6 /* AppDelegate.h */,
				386263B322D3F84500CBB2D6 /* AppDelegate.m */,
				386263B822D3F84500CBB2D6 /* Main.storyboard */,
				386263BB22D3F84600CBB2D6 /* Assets.xcassets */,
				386263BD22D3F84600CBB2D6 /* LaunchScreen.storyboard */,
				386263C022D3F84600CBB2D6 /* Info.plist */,
				386263C122D3F84600CBB2D6 /* main.m */,
			);
			path = instagram;
			sourceTree = "<group>";
		};
		386263CA22D3F84600CBB2D6 /* instagramTests */ = {
			isa = PBXGroup;
			children = (
				386263CB22D3F84600CBB2D6 /* instagramTests.m */,
				386263CD22D3F84600CBB2D6 /* Info.plist */,
			);
			path = instagramTests;
			sourceTree = "<group>";
		};
		386263D522D3F84600CBB2D6 /* instagramUITests */ = {
			isa = PBXGroup;
			children = (
				386263D622D3F84600CBB2D6 /* instagramUITests.m */,
				386263D822D3F84600CBB2D6 /* Info.plist */,
			);
			path = instagramUITests;
			sourceTree = "<group>";
		};
		386263E722D4080800CBB2D6 /* ViewControllers */ = {
			isa = PBXGroup;
			children = (
				386263EA22D409C900CBB2D6 /* signupViewController.h */,
				386263EB22D409C900CBB2D6 /* signupViewController.m */,
				386263ED22D40BD600CBB2D6 /* LoginViewController.h */,
				386263EE22D40BD600CBB2D6 /* LoginViewController.m */,
				386263F022D410A700CBB2D6 /* timelineViewController.h */,
				386263F122D410A700CBB2D6 /* timelineViewController.m */,
				386263F622D5294F00CBB2D6 /* ImagePickerViewController.h */,
				386263F722D5294F00CBB2D6 /* ImagePickerViewController.m */,
			);
			path = ViewControllers;
			sourceTree = "<group>";
		};
		386263E822D4083200CBB2D6 /* Models */ = {
			isa = PBXGroup;
			children = (
				386263F922D542DF00CBB2D6 /* Post.h */,
				386263FA22D542DF00CBB2D6 /* Post.m */,
			);
			path = Models;
			sourceTree = "<group>";
		};
		386263E922D4083C00CBB2D6 /* Views */ = {
			isa = PBXGroup;
			children = (
			);
			path = Views;
			sourceTree = "<group>";
		};
/* End PBXGroup section */

/* Begin PBXNativeTarget section */
		386263AE22D3F84500CBB2D6 /* instagram */ = {
			isa = PBXNativeTarget;
			buildConfigurationList = 386263DB22D3F84600CBB2D6 /* Build configuration list for PBXNativeTarget "instagram" */;
			buildPhases = (
				EFD446523A024C32DC662DFC /* [CP] Check Pods Manifest.lock */,
				386263AB22D3F84500CBB2D6 /* Sources */,
				386263AC22D3F84500CBB2D6 /* Frameworks */,
				386263AD22D3F84500CBB2D6 /* Resources */,
				7E2374EE32662F93BF8AA831 /* [CP] Embed Pods Frameworks */,
			);
			buildRules = (
			);
			dependencies = (
			);
			name = instagram;
			productName = instagram;
			productReference = 386263AF22D3F84500CBB2D6 /* instagram.app */;
			productType = "com.apple.product-type.application";
		};
		386263C622D3F84600CBB2D6 /* instagramTests */ = {
			isa = PBXNativeTarget;
			buildConfigurationList = 386263DE22D3F84600CBB2D6 /* Build configuration list for PBXNativeTarget "instagramTests" */;
			buildPhases = (
				2E7F18991F51C591EA717331 /* [CP] Check Pods Manifest.lock */,
				386263C322D3F84600CBB2D6 /* Sources */,
				386263C422D3F84600CBB2D6 /* Frameworks */,
				386263C522D3F84600CBB2D6 /* Resources */,
			);
			buildRules = (
			);
			dependencies = (
				386263C922D3F84600CBB2D6 /* PBXTargetDependency */,
			);
			name = instagramTests;
			productName = instagramTests;
			productReference = 386263C722D3F84600CBB2D6 /* instagramTests.xctest */;
			productType = "com.apple.product-type.bundle.unit-test";
		};
		386263D122D3F84600CBB2D6 /* instagramUITests */ = {
			isa = PBXNativeTarget;
			buildConfigurationList = 386263E122D3F84600CBB2D6 /* Build configuration list for PBXNativeTarget "instagramUITests" */;
			buildPhases = (
				3864D102C752157EFEEE040D /* [CP] Check Pods Manifest.lock */,
				386263CE22D3F84600CBB2D6 /* Sources */,
				386263CF22D3F84600CBB2D6 /* Frameworks */,
				386263D022D3F84600CBB2D6 /* Resources */,
			);
			buildRules = (
			);
			dependencies = (
				386263D422D3F84600CBB2D6 /* PBXTargetDependency */,
			);
			name = instagramUITests;
			productName = instagramUITests;
			productReference = 386263D222D3F84600CBB2D6 /* instagramUITests.xctest */;
			productType = "com.apple.product-type.bundle.ui-testing";
		};
/* End PBXNativeTarget section */

/* Begin PBXProject section */
		386263A722D3F84500CBB2D6 /* Project object */ = {
			isa = PBXProject;
			attributes = {
				LastUpgradeCheck = 1020;
				ORGANIZATIONNAME = eazheng;
				TargetAttributes = {
					386263AE22D3F84500CBB2D6 = {
						CreatedOnToolsVersion = 10.2.1;
					};
					386263C622D3F84600CBB2D6 = {
						CreatedOnToolsVersion = 10.2.1;
						TestTargetID = 386263AE22D3F84500CBB2D6;
					};
					386263D122D3F84600CBB2D6 = {
						CreatedOnToolsVersion = 10.2.1;
						TestTargetID = 386263AE22D3F84500CBB2D6;
					};
				};
			};
			buildConfigurationList = 386263AA22D3F84500CBB2D6 /* Build configuration list for PBXProject "instagram" */;
			compatibilityVersion = "Xcode 9.3";
			developmentRegion = en;
			hasScannedForEncodings = 0;
			knownRegions = (
				en,
				Base,
			);
			mainGroup = 386263A622D3F84500CBB2D6;
			productRefGroup = 386263B022D3F84500CBB2D6 /* Products */;
			projectDirPath = "";
			projectRoot = "";
			targets = (
				386263AE22D3F84500CBB2D6 /* instagram */,
				386263C622D3F84600CBB2D6 /* instagramTests */,
				386263D122D3F84600CBB2D6 /* instagramUITests */,
			);
		};
/* End PBXProject section */

/* Begin PBXResourcesBuildPhase section */
		386263AD22D3F84500CBB2D6 /* Resources */ = {
			isa = PBXResourcesBuildPhase;
			buildActionMask = 2147483647;
			files = (
				386263BF22D3F84600CBB2D6 /* LaunchScreen.storyboard in Resources */,
				386263BC22D3F84600CBB2D6 /* Assets.xcassets in Resources */,
				386263BA22D3F84500CBB2D6 /* Main.storyboard in Resources */,
			);
			runOnlyForDeploymentPostprocessing = 0;
		};
		386263C522D3F84600CBB2D6 /* Resources */ = {
			isa = PBXResourcesBuildPhase;
			buildActionMask = 2147483647;
			files = (
			);
			runOnlyForDeploymentPostprocessing = 0;
		};
		386263D022D3F84600CBB2D6 /* Resources */ = {
			isa = PBXResourcesBuildPhase;
			buildActionMask = 2147483647;
			files = (
			);
			runOnlyForDeploymentPostprocessing = 0;
		};
/* End PBXResourcesBuildPhase section */

/* Begin PBXShellScriptBuildPhase section */
		2E7F18991F51C591EA717331 /* [CP] Check Pods Manifest.lock */ = {
			isa = PBXShellScriptBuildPhase;
			buildActionMask = 2147483647;
			files = (
			);
			inputFileListPaths = (
			);
			inputPaths = (
				"${PODS_PODFILE_DIR_PATH}/Podfile.lock",
				"${PODS_ROOT}/Manifest.lock",
			);
			name = "[CP] Check Pods Manifest.lock";
			outputFileListPaths = (
			);
			outputPaths = (
				"$(DERIVED_FILE_DIR)/Pods-instagramTests-checkManifestLockResult.txt",
			);
			runOnlyForDeploymentPostprocessing = 0;
			shellPath = /bin/sh;
			shellScript = "diff \"${PODS_PODFILE_DIR_PATH}/Podfile.lock\" \"${PODS_ROOT}/Manifest.lock\" > /dev/null\nif [ $? != 0 ] ; then\n    # print error to STDERR\n    echo \"error: The sandbox is not in sync with the Podfile.lock. Run 'pod install' or update your CocoaPods installation.\" >&2\n    exit 1\nfi\n# This output is used by Xcode 'outputs' to avoid re-running this script phase.\necho \"SUCCESS\" > \"${SCRIPT_OUTPUT_FILE_0}\"\n";
			showEnvVarsInLog = 0;
		};
		3864D102C752157EFEEE040D /* [CP] Check Pods Manifest.lock */ = {
			isa = PBXShellScriptBuildPhase;
			buildActionMask = 2147483647;
			files = (
			);
			inputFileListPaths = (
			);
			inputPaths = (
				"${PODS_PODFILE_DIR_PATH}/Podfile.lock",
				"${PODS_ROOT}/Manifest.lock",
			);
			name = "[CP] Check Pods Manifest.lock";
			outputFileListPaths = (
			);
			outputPaths = (
				"$(DERIVED_FILE_DIR)/Pods-instagramUITests-checkManifestLockResult.txt",
			);
			runOnlyForDeploymentPostprocessing = 0;
			shellPath = /bin/sh;
			shellScript = "diff \"${PODS_PODFILE_DIR_PATH}/Podfile.lock\" \"${PODS_ROOT}/Manifest.lock\" > /dev/null\nif [ $? != 0 ] ; then\n    # print error to STDERR\n    echo \"error: The sandbox is not in sync with the Podfile.lock. Run 'pod install' or update your CocoaPods installation.\" >&2\n    exit 1\nfi\n# This output is used by Xcode 'outputs' to avoid re-running this script phase.\necho \"SUCCESS\" > \"${SCRIPT_OUTPUT_FILE_0}\"\n";
			showEnvVarsInLog = 0;
		};
		7E2374EE32662F93BF8AA831 /* [CP] Embed Pods Frameworks */ = {
			isa = PBXShellScriptBuildPhase;
			buildActionMask = 2147483647;
			files = (
			);
			inputFileListPaths = (
				"${PODS_ROOT}/Target Support Files/Pods-instagram/Pods-instagram-frameworks-${CONFIGURATION}-input-files.xcfilelist",
			);
			name = "[CP] Embed Pods Frameworks";
			outputFileListPaths = (
				"${PODS_ROOT}/Target Support Files/Pods-instagram/Pods-instagram-frameworks-${CONFIGURATION}-output-files.xcfilelist",
			);
			runOnlyForDeploymentPostprocessing = 0;
			shellPath = /bin/sh;
			shellScript = "\"${PODS_ROOT}/Target Support Files/Pods-instagram/Pods-instagram-frameworks.sh\"\n";
			showEnvVarsInLog = 0;
		};
		EFD446523A024C32DC662DFC /* [CP] Check Pods Manifest.lock */ = {
			isa = PBXShellScriptBuildPhase;
			buildActionMask = 2147483647;
			files = (
			);
			inputFileListPaths = (
			);
			inputPaths = (
				"${PODS_PODFILE_DIR_PATH}/Podfile.lock",
				"${PODS_ROOT}/Manifest.lock",
			);
			name = "[CP] Check Pods Manifest.lock";
			outputFileListPaths = (
			);
			outputPaths = (
				"$(DERIVED_FILE_DIR)/Pods-instagram-checkManifestLockResult.txt",
			);
			runOnlyForDeploymentPostprocessing = 0;
			shellPath = /bin/sh;
			shellScript = "diff \"${PODS_PODFILE_DIR_PATH}/Podfile.lock\" \"${PODS_ROOT}/Manifest.lock\" > /dev/null\nif [ $? != 0 ] ; then\n    # print error to STDERR\n    echo \"error: The sandbox is not in sync with the Podfile.lock. Run 'pod install' or update your CocoaPods installation.\" >&2\n    exit 1\nfi\n# This output is used by Xcode 'outputs' to avoid re-running this script phase.\necho \"SUCCESS\" > \"${SCRIPT_OUTPUT_FILE_0}\"\n";
			showEnvVarsInLog = 0;
		};
/* End PBXShellScriptBuildPhase section */

/* Begin PBXSourcesBuildPhase section */
		386263AB22D3F84500CBB2D6 /* Sources */ = {
			isa = PBXSourcesBuildPhase;
			buildActionMask = 2147483647;
			files = (
				386263EF22D40BD600CBB2D6 /* LoginViewController.m in Sources */,
				386263C222D3F84600CBB2D6 /* main.m in Sources */,
				386263F222D410A700CBB2D6 /* timelineViewController.m in Sources */,
				386263EC22D409C900CBB2D6 /* signupViewController.m in Sources */,
				386263F822D5294F00CBB2D6 /* ImagePickerViewController.m in Sources */,
				386263B422D3F84500CBB2D6 /* AppDelegate.m in Sources */,
				386263FB22D542DF00CBB2D6 /* Post.m in Sources */,
			);
			runOnlyForDeploymentPostprocessing = 0;
		};
		386263C322D3F84600CBB2D6 /* Sources */ = {
			isa = PBXSourcesBuildPhase;
			buildActionMask = 2147483647;
			files = (
				386263CC22D3F84600CBB2D6 /* instagramTests.m in Sources */,
			);
			runOnlyForDeploymentPostprocessing = 0;
		};
		386263CE22D3F84600CBB2D6 /* Sources */ = {
			isa = PBXSourcesBuildPhase;
			buildActionMask = 2147483647;
			files = (
				386263D722D3F84600CBB2D6 /* instagramUITests.m in Sources */,
			);
			runOnlyForDeploymentPostprocessing = 0;
		};
/* End PBXSourcesBuildPhase section */

/* Begin PBXTargetDependency section */
		386263C922D3F84600CBB2D6 /* PBXTargetDependency */ = {
			isa = PBXTargetDependency;
			target = 386263AE22D3F84500CBB2D6 /* instagram */;
			targetProxy = 386263C822D3F84600CBB2D6 /* PBXContainerItemProxy */;
		};
		386263D422D3F84600CBB2D6 /* PBXTargetDependency */ = {
			isa = PBXTargetDependency;
			target = 386263AE22D3F84500CBB2D6 /* instagram */;
			targetProxy = 386263D322D3F84600CBB2D6 /* PBXContainerItemProxy */;
		};
/* End PBXTargetDependency section */

/* Begin PBXVariantGroup section */
		386263B822D3F84500CBB2D6 /* Main.storyboard */ = {
			isa = PBXVariantGroup;
			children = (
				386263B922D3F84500CBB2D6 /* Base */,
			);
			name = Main.storyboard;
			sourceTree = "<group>";
		};
		386263BD22D3F84600CBB2D6 /* LaunchScreen.storyboard */ = {
			isa = PBXVariantGroup;
			children = (
				386263BE22D3F84600CBB2D6 /* Base */,
			);
			name = LaunchScreen.storyboard;
			sourceTree = "<group>";
		};
/* End PBXVariantGroup section */

/* Begin XCBuildConfiguration section */
		386263D922D3F84600CBB2D6 /* Debug */ = {
			isa = XCBuildConfiguration;
			buildSettings = {
				ALWAYS_SEARCH_USER_PATHS = NO;
				CLANG_ANALYZER_NONNULL = YES;
				CLANG_ANALYZER_NUMBER_OBJECT_CONVERSION = YES_AGGRESSIVE;
				CLANG_CXX_LANGUAGE_STANDARD = "gnu++14";
				CLANG_CXX_LIBRARY = "libc++";
				CLANG_ENABLE_MODULES = YES;
				CLANG_ENABLE_OBJC_ARC = YES;
				CLANG_ENABLE_OBJC_WEAK = YES;
				CLANG_WARN_BLOCK_CAPTURE_AUTORELEASING = YES;
				CLANG_WARN_BOOL_CONVERSION = YES;
				CLANG_WARN_COMMA = YES;
				CLANG_WARN_CONSTANT_CONVERSION = YES;
				CLANG_WARN_DEPRECATED_OBJC_IMPLEMENTATIONS = YES;
				CLANG_WARN_DIRECT_OBJC_ISA_USAGE = YES_ERROR;
				CLANG_WARN_DOCUMENTATION_COMMENTS = YES;
				CLANG_WARN_EMPTY_BODY = YES;
				CLANG_WARN_ENUM_CONVERSION = YES;
				CLANG_WARN_INFINITE_RECURSION = YES;
				CLANG_WARN_INT_CONVERSION = YES;
				CLANG_WARN_NON_LITERAL_NULL_CONVERSION = YES;
				CLANG_WARN_OBJC_IMPLICIT_RETAIN_SELF = YES;
				CLANG_WARN_OBJC_LITERAL_CONVERSION = YES;
				CLANG_WARN_OBJC_ROOT_CLASS = YES_ERROR;
				CLANG_WARN_RANGE_LOOP_ANALYSIS = YES;
				CLANG_WARN_STRICT_PROTOTYPES = YES;
				CLANG_WARN_SUSPICIOUS_MOVE = YES;
				CLANG_WARN_UNGUARDED_AVAILABILITY = YES_AGGRESSIVE;
				CLANG_WARN_UNREACHABLE_CODE = YES;
				CLANG_WARN__DUPLICATE_METHOD_MATCH = YES;
				CODE_SIGN_IDENTITY = "iPhone Developer";
				COPY_PHASE_STRIP = NO;
				DEBUG_INFORMATION_FORMAT = dwarf;
				ENABLE_STRICT_OBJC_MSGSEND = YES;
				ENABLE_TESTABILITY = YES;
				GCC_C_LANGUAGE_STANDARD = gnu11;
				GCC_DYNAMIC_NO_PIC = NO;
				GCC_NO_COMMON_BLOCKS = YES;
				GCC_OPTIMIZATION_LEVEL = 0;
				GCC_PREPROCESSOR_DEFINITIONS = (
					"DEBUG=1",
					"$(inherited)",
				);
				GCC_WARN_64_TO_32_BIT_CONVERSION = YES;
				GCC_WARN_ABOUT_RETURN_TYPE = YES_ERROR;
				GCC_WARN_UNDECLARED_SELECTOR = YES;
				GCC_WARN_UNINITIALIZED_AUTOS = YES_AGGRESSIVE;
				GCC_WARN_UNUSED_FUNCTION = YES;
				GCC_WARN_UNUSED_VARIABLE = YES;
				IPHONEOS_DEPLOYMENT_TARGET = 12.2;
				MTL_ENABLE_DEBUG_INFO = INCLUDE_SOURCE;
				MTL_FAST_MATH = YES;
				ONLY_ACTIVE_ARCH = YES;
				SDKROOT = iphoneos;
			};
			name = Debug;
		};
		386263DA22D3F84600CBB2D6 /* Release */ = {
			isa = XCBuildConfiguration;
			buildSettings = {
				ALWAYS_SEARCH_USER_PATHS = NO;
				CLANG_ANALYZER_NONNULL = YES;
				CLANG_ANALYZER_NUMBER_OBJECT_CONVERSION = YES_AGGRESSIVE;
				CLANG_CXX_LANGUAGE_STANDARD = "gnu++14";
				CLANG_CXX_LIBRARY = "libc++";
				CLANG_ENABLE_MODULES = YES;
				CLANG_ENABLE_OBJC_ARC = YES;
				CLANG_ENABLE_OBJC_WEAK = YES;
				CLANG_WARN_BLOCK_CAPTURE_AUTORELEASING = YES;
				CLANG_WARN_BOOL_CONVERSION = YES;
				CLANG_WARN_COMMA = YES;
				CLANG_WARN_CONSTANT_CONVERSION = YES;
				CLANG_WARN_DEPRECATED_OBJC_IMPLEMENTATIONS = YES;
				CLANG_WARN_DIRECT_OBJC_ISA_USAGE = YES_ERROR;
				CLANG_WARN_DOCUMENTATION_COMMENTS = YES;
				CLANG_WARN_EMPTY_BODY = YES;
				CLANG_WARN_ENUM_CONVERSION = YES;
				CLANG_WARN_INFINITE_RECURSION = YES;
				CLANG_WARN_INT_CONVERSION = YES;
				CLANG_WARN_NON_LITERAL_NULL_CONVERSION = YES;
				CLANG_WARN_OBJC_IMPLICIT_RETAIN_SELF = YES;
				CLANG_WARN_OBJC_LITERAL_CONVERSION = YES;
				CLANG_WARN_OBJC_ROOT_CLASS = YES_ERROR;
				CLANG_WARN_RANGE_LOOP_ANALYSIS = YES;
				CLANG_WARN_STRICT_PROTOTYPES = YES;
				CLANG_WARN_SUSPICIOUS_MOVE = YES;
				CLANG_WARN_UNGUARDED_AVAILABILITY = YES_AGGRESSIVE;
				CLANG_WARN_UNREACHABLE_CODE = YES;
				CLANG_WARN__DUPLICATE_METHOD_MATCH = YES;
				CODE_SIGN_IDENTITY = "iPhone Developer";
				COPY_PHASE_STRIP = NO;
				DEBUG_INFORMATION_FORMAT = "dwarf-with-dsym";
				ENABLE_NS_ASSERTIONS = NO;
				ENABLE_STRICT_OBJC_MSGSEND = YES;
				GCC_C_LANGUAGE_STANDARD = gnu11;
				GCC_NO_COMMON_BLOCKS = YES;
				GCC_WARN_64_TO_32_BIT_CONVERSION = YES;
				GCC_WARN_ABOUT_RETURN_TYPE = YES_ERROR;
				GCC_WARN_UNDECLARED_SELECTOR = YES;
				GCC_WARN_UNINITIALIZED_AUTOS = YES_AGGRESSIVE;
				GCC_WARN_UNUSED_FUNCTION = YES;
				GCC_WARN_UNUSED_VARIABLE = YES;
				IPHONEOS_DEPLOYMENT_TARGET = 12.2;
				MTL_ENABLE_DEBUG_INFO = NO;
				MTL_FAST_MATH = YES;
				SDKROOT = iphoneos;
				VALIDATE_PRODUCT = YES;
			};
			name = Release;
		};
		386263DC22D3F84600CBB2D6 /* Debug */ = {
			isa = XCBuildConfiguration;
			baseConfigurationReference = 2AD3721FDFAEEFC387E3BBD2 /* Pods-instagram.debug.xcconfig */;
			buildSettings = {
				ASSETCATALOG_COMPILER_APPICON_NAME = AppIcon;
				CODE_SIGN_STYLE = Automatic;
				DEVELOPMENT_TEAM = P77LWX87UK;
				INFOPLIST_FILE = instagram/Info.plist;
				LD_RUNPATH_SEARCH_PATHS = (
					"$(inherited)",
					"@executable_path/Frameworks",
				);
				PRODUCT_BUNDLE_IDENTIFIER = com.eazheng.instagram;
				PRODUCT_NAME = "$(TARGET_NAME)";
				TARGETED_DEVICE_FAMILY = "1,2";
			};
			name = Debug;
		};
		386263DD22D3F84600CBB2D6 /* Release */ = {
			isa = XCBuildConfiguration;
			baseConfigurationReference = 39482CBC15C6E3B670D7FB35 /* Pods-instagram.release.xcconfig */;
			buildSettings = {
				ASSETCATALOG_COMPILER_APPICON_NAME = AppIcon;
				CODE_SIGN_STYLE = Automatic;
				DEVELOPMENT_TEAM = P77LWX87UK;
				INFOPLIST_FILE = instagram/Info.plist;
				LD_RUNPATH_SEARCH_PATHS = (
					"$(inherited)",
					"@executable_path/Frameworks",
				);
				PRODUCT_BUNDLE_IDENTIFIER = com.eazheng.instagram;
				PRODUCT_NAME = "$(TARGET_NAME)";
				TARGETED_DEVICE_FAMILY = "1,2";
			};
			name = Release;
		};
		386263DF22D3F84600CBB2D6 /* Debug */ = {
			isa = XCBuildConfiguration;
			baseConfigurationReference = 24C6FA56BF13CB8F0DFE82DB /* Pods-instagramTests.debug.xcconfig */;
			buildSettings = {
				BUNDLE_LOADER = "$(TEST_HOST)";
				CODE_SIGN_STYLE = Automatic;
				DEVELOPMENT_TEAM = P77LWX87UK;
				INFOPLIST_FILE = instagramTests/Info.plist;
				LD_RUNPATH_SEARCH_PATHS = (
					"$(inherited)",
					"@executable_path/Frameworks",
					"@loader_path/Frameworks",
				);
				PRODUCT_BUNDLE_IDENTIFIER = com.eazheng.instagramTests;
				PRODUCT_NAME = "$(TARGET_NAME)";
				TARGETED_DEVICE_FAMILY = "1,2";
				TEST_HOST = "$(BUILT_PRODUCTS_DIR)/instagram.app/instagram";
			};
			name = Debug;
		};
		386263E022D3F84600CBB2D6 /* Release */ = {
			isa = XCBuildConfiguration;
			baseConfigurationReference = CD951CE7676DC3CB534BDA8B /* Pods-instagramTests.release.xcconfig */;
			buildSettings = {
				BUNDLE_LOADER = "$(TEST_HOST)";
				CODE_SIGN_STYLE = Automatic;
				DEVELOPMENT_TEAM = P77LWX87UK;
				INFOPLIST_FILE = instagramTests/Info.plist;
				LD_RUNPATH_SEARCH_PATHS = (
					"$(inherited)",
					"@executable_path/Frameworks",
					"@loader_path/Frameworks",
				);
				PRODUCT_BUNDLE_IDENTIFIER = com.eazheng.instagramTests;
				PRODUCT_NAME = "$(TARGET_NAME)";
				TARGETED_DEVICE_FAMILY = "1,2";
				TEST_HOST = "$(BUILT_PRODUCTS_DIR)/instagram.app/instagram";
			};
			name = Release;
		};
		386263E222D3F84600CBB2D6 /* Debug */ = {
			isa = XCBuildConfiguration;
			baseConfigurationReference = BAB892827096AEFE6F1C68E9 /* Pods-instagramUITests.debug.xcconfig */;
			buildSettings = {
				CODE_SIGN_STYLE = Automatic;
				DEVELOPMENT_TEAM = P77LWX87UK;
				INFOPLIST_FILE = instagramUITests/Info.plist;
				LD_RUNPATH_SEARCH_PATHS = (
					"$(inherited)",
					"@executable_path/Frameworks",
					"@loader_path/Frameworks",
				);
				PRODUCT_BUNDLE_IDENTIFIER = com.eazheng.instagramUITests;
				PRODUCT_NAME = "$(TARGET_NAME)";
				TARGETED_DEVICE_FAMILY = "1,2";
				TEST_TARGET_NAME = instagram;
			};
			name = Debug;
		};
		386263E322D3F84600CBB2D6 /* Release */ = {
			isa = XCBuildConfiguration;
			baseConfigurationReference = D380EDD4BBCF66D268B2DF9E /* Pods-instagramUITests.release.xcconfig */;
			buildSettings = {
				CODE_SIGN_STYLE = Automatic;
				DEVELOPMENT_TEAM = P77LWX87UK;
				INFOPLIST_FILE = instagramUITests/Info.plist;
				LD_RUNPATH_SEARCH_PATHS = (
					"$(inherited)",
					"@executable_path/Frameworks",
					"@loader_path/Frameworks",
				);
				PRODUCT_BUNDLE_IDENTIFIER = com.eazheng.instagramUITests;
				PRODUCT_NAME = "$(TARGET_NAME)";
				TARGETED_DEVICE_FAMILY = "1,2";
				TEST_TARGET_NAME = instagram;
			};
			name = Release;
		};
/* End XCBuildConfiguration section */

/* Begin XCConfigurationList section */
		386263AA22D3F84500CBB2D6 /* Build configuration list for PBXProject "instagram" */ = {
			isa = XCConfigurationList;
			buildConfigurations = (
				386263D922D3F84600CBB2D6 /* Debug */,
				386263DA22D3F84600CBB2D6 /* Release */,
			);
			defaultConfigurationIsVisible = 0;
			defaultConfigurationName = Release;
		};
		386263DB22D3F84600CBB2D6 /* Build configuration list for PBXNativeTarget "instagram" */ = {
			isa = XCConfigurationList;
			buildConfigurations = (
				386263DC22D3F84600CBB2D6 /* Debug */,
				386263DD22D3F84600CBB2D6 /* Release */,
			);
			defaultConfigurationIsVisible = 0;
			defaultConfigurationName = Release;
		};
		386263DE22D3F84600CBB2D6 /* Build configuration list for PBXNativeTarget "instagramTests" */ = {
			isa = XCConfigurationList;
			buildConfigurations = (
				386263DF22D3F84600CBB2D6 /* Debug */,
				386263E022D3F84600CBB2D6 /* Release */,
			);
			defaultConfigurationIsVisible = 0;
			defaultConfigurationName = Release;
		};
		386263E122D3F84600CBB2D6 /* Build configuration list for PBXNativeTarget "instagramUITests" */ = {
			isa = XCConfigurationList;
			buildConfigurations = (
				386263E222D3F84600CBB2D6 /* Debug */,
				386263E322D3F84600CBB2D6 /* Release */,
			);
			defaultConfigurationIsVisible = 0;
			defaultConfigurationName = Release;
		};
/* End XCConfigurationList section */
	};
	rootObject = 386263A722D3F84500CBB2D6 /* Project object */;
}
